// !$*UTF8*$!
{
	archiveVersion = 1;
	classes = {
	};
	objectVersion = 90;
	objects = {

/* Begin PBXBuildFile section */
		A2F454A82F90332C00D0D7C0 /* AppState.swift in Sources */ = {isa = PBXBuildFile; fileRef = A2F454982F90332C00D0D7C0 /* AppState.swift */; };
		A2F454A92F90332C00D0D7C0 /* OnboardingView.swift in Sources */ = {isa = PBXBuildFile; fileRef = A2F4549E2F90332C00D0D7C0 /* OnboardingView.swift */; };
		A2F454AA2F90332C00D0D7C0 /* HapticManager.swift in Sources */ = {isa = PBXBuildFile; fileRef = A2F454962F90332C00D0D7C0 /* HapticManager.swift */; };
		A2F454AB2F90332C00D0D7C0 /* ContentView.swift in Sources */ = {isa = PBXBuildFile; fileRef = A2F454A32F90332C00D0D7C0 /* ContentView.swift */; };
		A2F454AC2F90332C00D0D7C0 /* CalendarTimelineView.swift in Sources */ = {isa = PBXBuildFile; fileRef = A2F4549D2F90332C00D0D7C0 /* CalendarTimelineView.swift */; };
		A2F454AD2F90332C00D0D7C0 /* CalendarManager.swift in Sources */ = {isa = PBXBuildFile; fileRef = A2F454952F90332C00D0D7C0 /* CalendarManager.swift */; };
		A2F454AE2F90332C00D0D7C0 /* BecomingApp.swift in Sources */ = {isa = PBXBuildFile; fileRef = A2F454A22F90332C00D0D7C0 /* BecomingApp.swift */; };
		A2F454AF2F90332C00D0D7C0 /* CalendarEntry.swift in Sources */ = {isa = PBXBuildFile; fileRef = A2F454992F90332C00D0D7C0 /* CalendarEntry.swift */; };
		A2F454B02F90332C00D0D7C0 /* Preview Assets.xcassets in Resources */ = {isa = PBXBuildFile; fileRef = A2F4549B2F90332C00D0D7C0 /* Preview Assets.xcassets */; };
		A2F454B22F90332C00D0D7C0 /* Honed.icon in Resources */ = {isa = PBXBuildFile; fileRef = A2F454A42F90332C00D0D7C0 /* Honed.icon */; };
		A2F454B32F90332C00D0D7C0 /* Assets.xcassets in Resources */ = {isa = PBXBuildFile; fileRef = A2F454A12F90332C00D0D7C0 /* Assets.xcassets */; };
		A2F454B62F90379200D0D7C0 /* RecordsView.swift in Sources */ = {isa = PBXBuildFile; fileRef = A2F454B52F90379200D0D7C0 /* RecordsView.swift */; };
		A2F454B72F90379200D0D7C0 /* ProfileView.swift in Sources */ = {isa = PBXBuildFile; fileRef = A2F454B42F90379200D0D7C0 /* ProfileView.swift */; };
		A2F454B92F9066FC00D0D7C0 /* AuthState.swift in Sources */ = {isa = PBXBuildFile; fileRef = A2F454B82F9066FC00D0D7C0 /* AuthState.swift */; };
		A2F454BD2F90671100D0D7C0 /* RestDaysView.swift in Sources */ = {isa = PBXBuildFile; fileRef = A2F454BB2F90671100D0D7C0 /* RestDaysView.swift */; };
		A2F454BE2F90671100D0D7C0 /* AuthView.swift in Sources */ = {isa = PBXBuildFile; fileRef = A2F454BA2F90671100D0D7C0 /* AuthView.swift */; };
		A2F454BF2F90671100D0D7C0 /* RoutineBuilderView.swift in Sources */ = {isa = PBXBuildFile; fileRef = A2F454BC2F90671100D0D7C0 /* RoutineBuilderView.swift */; };
/* End PBXBuildFile section */

/* Begin PBXFileReference section */
		A1000000000000000031 /* Honed.app */ = {isa = PBXFileReference; explicitFileType = wrapper.application; includeInIndex = 0; path = Honed.app; sourceTree = BUILT_PRODUCTS_DIR; };
		A2F454952F90332C00D0D7C0 /* CalendarManager.swift */ = {isa = PBXFileReference; lastKnownFileType = sourcecode.swift; path = CalendarManager.swift; sourceTree = "<group>"; };
		A2F454962F90332C00D0D7C0 /* HapticManager.swift */ = {isa = PBXFileReference; lastKnownFileType = sourcecode.swift; path = HapticManager.swift; sourceTree = "<group>"; };
		A2F454982F90332C00D0D7C0 /* AppState.swift */ = {isa = PBXFileReference; lastKnownFileType = sourcecode.swift; path = AppState.swift; sourceTree = "<group>"; };
		A2F454992F90332C00D0D7C0 /* CalendarEntry.swift */ = {isa = PBXFileReference; lastKnownFileType = sourcecode.swift; path = CalendarEntry.swift; sourceTree = "<group>"; };
		A2F4549B2F90332C00D0D7C0 /* Preview Assets.xcassets */ = {isa = PBXFileReference; lastKnownFileType = folder.assetcatalog; path = "Preview Assets.xcassets"; sourceTree = "<group>"; };
		A2F4549D2F90332C00D0D7C0 /* CalendarTimelineView.swift */ = {isa = PBXFileReference; lastKnownFileType = sourcecode.swift; path = CalendarTimelineView.swift; sourceTree = "<group>"; };
		A2F4549E2F90332C00D0D7C0 /* OnboardingView.swift */ = {isa = PBXFileReference; lastKnownFileType = sourcecode.swift; path = OnboardingView.swift; sourceTree = "<group>"; };
		A2F454A12F90332C00D0D7C0 /* Assets.xcassets */ = {isa = PBXFileReference; lastKnownFileType = folder.assetcatalog; path = Assets.xcassets; sourceTree = "<group>"; };
		A2F454A22F90332C00D0D7C0 /* BecomingApp.swift */ = {isa = PBXFileReference; lastKnownFileType = sourcecode.swift; path = BecomingApp.swift; sourceTree = "<group>"; };
		A2F454A32F90332C00D0D7C0 /* ContentView.swift */ = {isa = PBXFileReference; lastKnownFileType = sourcecode.swift; path = ContentView.swift; sourceTree = "<group>"; };
		A2F454A42F90332C00D0D7C0 /* Honed.icon */ = {isa = PBXFileReference; lastKnownFileType = folder.iconcomposer.icon; path = Honed.icon; sourceTree = "<group>"; };
		A2F454A52F90332C00D0D7C0 /* Info.plist */ = {isa = PBXFileReference; lastKnownFileType = text.plist.xml; path = Info.plist; sourceTree = "<group>"; };
		A2F454B42F90379200D0D7C0 /* ProfileView.swift */ = {isa = PBXFileReference; lastKnownFileType = sourcecode.swift; path = ProfileView.swift; sourceTree = "<group>"; };
		A2F454B52F90379200D0D7C0 /* RecordsView.swift */ = {isa = PBXFileReference; lastKnownFileType = sourcecode.swift; path = RecordsView.swift; sourceTree = "<group>"; };
		A2F454B82F9066FC00D0D7C0 /* AuthState.swift */ = {isa = PBXFileReference; lastKnownFileType = sourcecode.swift; path = AuthState.swift; sourceTree = "<group>"; };
		A2F454BA2F90671100D0D7C0 /* AuthView.swift */ = {isa = PBXFileReference; lastKnownFileType = sourcecode.swift; path = AuthView.swift; sourceTree = "<group>"; };
		A2F454BB2F90671100D0D7C0 /* RestDaysView.swift */ = {isa = PBXFileReference; lastKnownFileType = sourcecode.swift; path = RestDaysView.swift; sourceTree = "<group>"; };
		A2F454BC2F90671100D0D7C0 /* RoutineBuilderView.swift */ = {isa = PBXFileReference; lastKnownFileType = sourcecode.swift; path = RoutineBuilderView.swift; sourceTree = "<group>"; };
/* End PBXFileReference section */

/* Begin PBXFrameworksBuildPhase section */
		A1000000000000000033 /* Frameworks */ = {
			isa = PBXFrameworksBuildPhase;
			files = (
			);
		};
/* End PBXFrameworksBuildPhase section */

/* Begin PBXGroup section */
		A1000000000000000034 = {
			isa = PBXGroup;
			children = (
				A2F454A62F90332C00D0D7C0 /* Honed */,
				A1000000000000000036 /* Products */,
			);
			sourceTree = "<group>";
		};
		A1000000000000000036 /* Products */ = {
			isa = PBXGroup;
			children = (
				A1000000000000000031 /* Honed.app */,
			);
			name = Products;
			sourceTree = "<group>";
		};
		A2F454972F90332C00D0D7C0 /* Managers */ = {
			isa = PBXGroup;
			children = (
				A2F454952F90332C00D0D7C0 /* CalendarManager.swift */,
				A2F454962F90332C00D0D7C0 /* HapticManager.swift */,
			);
			path = Managers;
			sourceTree = "<group>";
		};
		A2F4549A2F90332C00D0D7C0 /* Models */ = {
			isa = PBXGroup;
			children = (
				A2F454B82F9066FC00D0D7C0 /* AuthState.swift */,
				A2F454982F90332C00D0D7C0 /* AppState.swift */,
				A2F454992F90332C00D0D7C0 /* CalendarEntry.swift */,
			);
			path = Models;
			sourceTree = "<group>";
		};
		A2F4549C2F90332C00D0D7C0 /* Preview Content */ = {
			isa = PBXGroup;
			children = (
				A2F4549B2F90332C00D0D7C0 /* Preview Assets.xcassets */,
			);
			path = "Preview Content";
			sourceTree = "<group>";
		};
		A2F454A02F90332C00D0D7C0 /* Views */ = {
			isa = PBXGroup;
			children = (
				A2F454BA2F90671100D0D7C0 /* AuthView.swift */,
				A2F454BB2F90671100D0D7C0 /* RestDaysView.swift */,
				A2F454BC2F90671100D0D7C0 /* RoutineBuilderView.swift */,
				A2F454B42F90379200D0D7C0 /* ProfileView.swift */,
				A2F454B52F90379200D0D7C0 /* RecordsView.swift */,
				A2F4549D2F90332C00D0D7C0 /* CalendarTimelineView.swift */,
				A2F4549E2F90332C00D0D7C0 /* OnboardingView.swift */,
			);
			path = Views;
			sourceTree = "<group>";
		};
		A2F454A62F90332C00D0D7C0 /* Honed */ = {
			isa = PBXGroup;
			children = (
				A2F454972F90332C00D0D7C0 /* Managers */,
				A2F4549A2F90332C00D0D7C0 /* Models */,
				A2F4549C2F90332C00D0D7C0 /* Preview Content */,
				A2F454A02F90332C00D0D7C0 /* Views */,
				A2F454A12F90332C00D0D7C0 /* Assets.xcassets */,
				A2F454A22F90332C00D0D7C0 /* BecomingApp.swift */,
				A2F454A32F90332C00D0D7C0 /* ContentView.swift */,
				A2F454A42F90332C00D0D7C0 /* Honed.icon */,
				A2F454A52F90332C00D0D7C0 /* Info.plist */,
			);
			path = Honed;
			sourceTree = "<group>";
		};
/* End PBXGroup section */

/* Begin PBXNativeTarget section */
		A1000000000000000041 /* Honed */ = {
			isa = PBXNativeTarget;
			buildConfigurationList = A1000000000000000042 /* Build configuration list for PBXNativeTarget "Honed" */;
			buildPhases = (
				A1000000000000000043 /* Sources */,
				A1000000000000000033 /* Frameworks */,
				A1000000000000000044 /* Resources */,
			);
			buildRules = (
			);
			name = Honed;
			productName = Sesh;
			productReference = A1000000000000000031 /* Honed.app */;
			productType = "com.apple.product-type.application";
		};
/* End PBXNativeTarget section */

/* Begin PBXProject section */
		A1000000000000000045 /* Project object */ = {
			isa = PBXProject;
			attributes = {
				BuildIndependentTargetsInParallel = 1;
				LastSwiftUpdateCheck = 1500;
				LastUpgradeCheck = 1500;
				TargetAttributes = {
					A1000000000000000041 = {
						CreatedOnToolsVersion = 15.0;
					};
				};
			};
			buildConfigurationList = A1000000000000000046 /* Build configuration list for PBXProject "Honed" */;
			developmentRegion = en;
			hasScannedForEncodings = 0;
			knownRegions = (
				en,
				Base,
			);
			mainGroup = A1000000000000000034;
			preferredProjectObjectVersion = 90;
			productRefGroup = A1000000000000000036 /* Products */;
			projectDirPath = "";
			projectRoot = "";
			targets = (
				A1000000000000000041 /* Honed */,
			);
		};
/* End PBXProject section */

/* Begin PBXResourcesBuildPhase section */
		A1000000000000000044 /* Resources */ = {
			isa = PBXResourcesBuildPhase;
			files = (
				A2F454B02F90332C00D0D7C0 /* Preview Assets.xcassets in Resources */,
				A2F454B22F90332C00D0D7C0 /* Honed.icon in Resources */,
				A2F454B32F90332C00D0D7C0 /* Assets.xcassets in Resources */,
			);
		};
/* End PBXResourcesBuildPhase section */

/* Begin PBXSourcesBuildPhase section */
		A1000000000000000043 /* Sources */ = {
			isa = PBXSourcesBuildPhase;
			files = (
				A2F454A82F90332C00D0D7C0 /* AppState.swift in Sources */,
				A2F454A92F90332C00D0D7C0 /* OnboardingView.swift in Sources */,
				A2F454AA2F90332C00D0D7C0 /* HapticManager.swift in Sources */,
				A2F454AB2F90332C00D0D7C0 /* ContentView.swift in Sources */,
				A2F454B92F9066FC00D0D7C0 /* AuthState.swift in Sources */,
				A2F454AC2F90332C00D0D7C0 /* CalendarTimelineView.swift in Sources */,
				A2F454B62F90379200D0D7C0 /* RecordsView.swift in Sources */,
				A2F454B72F90379200D0D7C0 /* ProfileView.swift in Sources */,
				A2F454BD2F90671100D0D7C0 /* RestDaysView.swift in Sources */,
				A2F454BE2F90671100D0D7C0 /* AuthView.swift in Sources */,
				A2F454BF2F90671100D0D7C0 /* RoutineBuilderView.swift in Sources */,
				A2F454AD2F90332C00D0D7C0 /* CalendarManager.swift in Sources */,
				A2F454AE2F90332C00D0D7C0 /* BecomingApp.swift in Sources */,
				A2F454AF2F90332C00D0D7C0 /* CalendarEntry.swift in Sources */,
			);
		};
/* End PBXSourcesBuildPhase section */

/* Begin XCBuildConfiguration section */
		A1000000000000000047 /* Debug configuration for PBXProject "Honed" */ = {
			isa = XCBuildConfiguration;
			buildSettings = {
				ALWAYS_SEARCH_USER_PATHS = NO;
				ASSETCATALOG_COMPILER_GENERATE_SWIFT_ASSET_SYMBOL_EXTENSIONS = YES;
				CLANG_ANALYZER_NONNULL = YES;
				CLANG_ANALYZER_NUMBER_OBJECT_CONVERSION = YES_AGGRESSIVE;
				CLANG_CXX_LANGUAGE_STANDARD = "gnu++20";
				CLANG_ENABLE_MODULES = YES;
				CLANG_ENABLE_OBJC_ARC = YES;
				CLANG_ENABLE_OBJC_WEAK = YES;
				CLANG_WARN_BLOCK_CAPTURE_AUTORELEASING = YES;
				CLANG_WARN_BOOL_CONVERSION = YES;
				CLANG_WARN_COMMA = YES;
				CLANG_WARN_CONSTANT_CONVERSION = YES;
				CLANG_WARN_DEPRECATED_OBJC_IMPLEMENTATIONS = YES;
				CLANG_WARN_DIRECT_OBJC_ISA_USAGE = YES_ERROR;
				CLANG_WARN_DOCUMENTATION_COMMENTS = YES;
				CLANG_WARN_EMPTY_BODY = YES;
				CLANG_WARN_ENUM_CONVERSION = YES;
				CLANG_WARN_INFINITE_RECURSION = YES;
				CLANG_WARN_INT_CONVERSION = YES;
				CLANG_WARN_NON_LITERAL_NULL_CONVERSION = YES;
				CLANG_WARN_OBJC_IMPLICIT_RETAIN_SELF = YES;
				CLANG_WARN_OBJC_LITERAL_CONVERSION = YES;
				CLANG_WARN_OBJC_ROOT_CLASS = YES_ERROR;
				CLANG_WARN_QUOTED_INCLUDE_IN_FRAMEWORK_HEADER = YES;
				CLANG_WARN_RANGE_LOOP_ANALYSIS = YES;
				CLANG_WARN_STRICT_PROTOTYPES = YES;
				CLANG_WARN_SUSPICIOUS_MOVE = YES;
				CLANG_WARN_UNGUARDED_AVAILABILITY = YES_AGGRESSIVE;
				CLANG_WARN_UNREACHABLE_CODE = YES;
				CLANG_WARN__DUPLICATE_METHOD_MATCH = YES;
				COPY_PHASE_STRIP = NO;
				DEBUG_INFORMATION_FORMAT = dwarf;
				ENABLE_STRICT_OBJC_MSGSEND = YES;
				ENABLE_TESTABILITY = YES;
				ENABLE_USER_SCRIPT_SANDBOXING = YES;
				GCC_C_LANGUAGE_STANDARD = gnu17;
				GCC_DYNAMIC_NO_PIC = NO;
				GCC_NO_COMMON_BLOCKS = YES;
				GCC_OPTIMIZATION_LEVEL = 0;
				GCC_PREPROCESSOR_DEFINITIONS = (
					"DEBUG=1",
					"$(inherited)",
				);
				GCC_WARN_64_TO_32_BIT_CONVERSION = YES;
				GCC_WARN_ABOUT_RETURN_TYPE = YES_ERROR;
				GCC_WARN_UNDECLARED_SELECTOR = YES;
				GCC_WARN_UNINITIALIZED_AUTOS = YES_AGGRESSIVE;
				GCC_WARN_UNUSED_FUNCTION = YES;
				GCC_WARN_UNUSED_VARIABLE = YES;
				IPHONEOS_DEPLOYMENT_TARGET = 17.0;
				LOCALIZATION_PREFERS_STRING_CATALOGS = YES;
				MTL_ENABLE_DEBUG_INFO = INCLUDE_SOURCE;
				MTL_FAST_MATH = YES;
				ONLY_ACTIVE_ARCH = YES;
				SDKROOT = iphoneos;
				SWIFT_ACTIVE_COMPILATION_CONDITIONS = "DEBUG $(inherited)";
				SWIFT_OPTIMIZATION_LEVEL = "-Onone";
			};
			name = Debug;
		};
		A1000000000000000048 /* Release configuration for PBXProject "Honed" */ = {
			isa = XCBuildConfiguration;
			buildSettings = {
				ALWAYS_SEARCH_USER_PATHS = NO;
				ASSETCATALOG_COMPILER_GENERATE_SWIFT_ASSET_SYMBOL_EXTENSIONS = YES;
				CLANG_ANALYZER_NONNULL = YES;
				CLANG_ANALYZER_NUMBER_OBJECT_CONVERSION = YES_AGGRESSIVE;
				CLANG_CXX_LANGUAGE_STANDARD = "gnu++20";
				CLANG_ENABLE_MODULES = YES;
				CLANG_ENABLE_OBJC_ARC = YES;
				CLANG_ENABLE_OBJC_WEAK = YES;
				CLANG_WARN_BLOCK_CAPTURE_AUTORELEASING = YES;
				CLANG_WARN_BOOL_CONVERSION = YES;
				CLANG_WARN_COMMA = YES;
				CLANG_WARN_CONSTANT_CONVERSION = YES;
				CLANG_WARN_DEPRECATED_OBJC_IMPLEMENTATIONS = YES;
				CLANG_WARN_DIRECT_OBJC_ISA_USAGE = YES_ERROR;
				CLANG_WARN_DOCUMENTATION_COMMENTS = YES;
				CLANG_WARN_EMPTY_BODY = YES;
				CLANG_WARN_ENUM_CONVERSION = YES;
				CLANG_WARN_INFINITE_RECURSION = YES;
				CLANG_WARN_INT_CONVERSION = YES;
				CLANG_WARN_NON_LITERAL_NULL_CONVERSION = YES;
				CLANG_WARN_OBJC_IMPLICIT_RETAIN_SELF = YES;
				CLANG_WARN_OBJC_LITERAL_CONVERSION = YES;
				CLANG_WARN_OBJC_ROOT_CLASS = YES_ERROR;
				CLANG_WARN_QUOTED_INCLUDE_IN_FRAMEWORK_HEADER = YES;
				CLANG_WARN_RANGE_LOOP_ANALYSIS = YES;
				CLANG_WARN_STRICT_PROTOTYPES = YES;
				CLANG_WARN_SUSPICIOUS_MOVE = YES;
				CLANG_WARN_UNGUARDED_AVAILABILITY = YES_AGGRESSIVE;
				CLANG_WARN_UNREACHABLE_CODE = YES;
				CLANG_WARN__DUPLICATE_METHOD_MATCH = YES;
				COPY_PHASE_STRIP = NO;
				DEBUG_INFORMATION_FORMAT = "dwarf-with-dsym";
				ENABLE_NS_ASSERTIONS = NO;
				ENABLE_STRICT_OBJC_MSGSEND = YES;
				ENABLE_USER_SCRIPT_SANDBOXING = YES;
				GCC_C_LANGUAGE_STANDARD = gnu17;
				GCC_NO_COMMON_BLOCKS = YES;
				GCC_WARN_64_TO_32_BIT_CONVERSION = YES;
				GCC_WARN_ABOUT_RETURN_TYPE = YES_ERROR;
				GCC_WARN_UNDECLARED_SELECTOR = YES;
				GCC_WARN_UNINITIALIZED_AUTOS = YES_AGGRESSIVE;
				GCC_WARN_UNUSED_FUNCTION = YES;
				GCC_WARN_UNUSED_VARIABLE = YES;
				IPHONEOS_DEPLOYMENT_TARGET = 17.0;
				LOCALIZATION_PREFERS_STRING_CATALOGS = YES;
				MTL_ENABLE_DEBUG_INFO = NO;
				MTL_FAST_MATH = YES;
				SDKROOT = iphoneos;
				SWIFT_COMPILATION_MODE = wholemodule;
				VALIDATE_PRODUCT = YES;
			};
			name = Release;
		};
		A1000000000000000049 /* Debug configuration for PBXNativeTarget "Honed" */ = {
			isa = XCBuildConfiguration;
			buildSettings = {
				ASSETCATALOG_COMPILER_APPICON_NAME = Honed;
				ASSETCATALOG_COMPILER_GLOBAL_ACCENT_COLOR_NAME = AccentColor;
				CODE_SIGN_STYLE = Automatic;
				CURRENT_PROJECT_VERSION = 1;
				DEVELOPMENT_ASSET_PATHS = "\"Honed/Preview Content\"";
				DEVELOPMENT_TEAM = GG2H8A5KTB;
				ENABLE_PREVIEWS = YES;
				GENERATE_INFOPLIST_FILE = YES;
				INFOPLIST_FILE = Honed/Info.plist;
				INFOPLIST_KEY_UIApplicationSceneManifest_Generation = YES;
				INFOPLIST_KEY_UIApplicationSupportsIndirectInputEvents = YES;
				INFOPLIST_KEY_UILaunchScreen_Generation = YES;
				INFOPLIST_KEY_UISupportedInterfaceOrientations_iPad = "UIInterfaceOrientationPortrait UIInterfaceOrientationPortraitUpsideDown UIInterfaceOrientationLandscapeLeft UIInterfaceOrientationLandscapeRight";
				INFOPLIST_KEY_UISupportedInterfaceOrientations_iPhone = "UIInterfaceOrientationPortrait UIInterfaceOrientationLandscapeLeft UIInterfaceOrientationLandscapeRight";
				IPHONEOS_DEPLOYMENT_TARGET = 18.0;
				LD_RUNPATH_SEARCH_PATHS = (
					"$(inherited)",
					"@executable_path/Frameworks",
				);
				MARKETING_VERSION = 1.0;
				PRODUCT_BUNDLE_IDENTIFIER = com.adamsaleh.sesh;
				PRODUCT_NAME = "$(TARGET_NAME)";
				SWIFT_EMIT_LOC_STRINGS = YES;
				SWIFT_VERSION = 5.0;
				TARGETED_DEVICE_FAMILY = "1,2";
			};
			name = Debug;
		};
		A1000000000000000050 /* Release configuration for PBXNativeTarget "Honed" */ = {
			isa = XCBuildConfiguration;
			buildSettings = {
				ASSETCATALOG_COMPILER_APPICON_NAME = Honed;
				ASSETCATALOG_COMPILER_GLOBAL_ACCENT_COLOR_NAME = AccentColor;
				CODE_SIGN_STYLE = Automatic;
				CURRENT_PROJECT_VERSION = 1;
				DEVELOPMENT_ASSET_PATHS = "\"Honed/Preview Content\"";
				DEVELOPMENT_TEAM = GG2H8A5KTB;
				ENABLE_PREVIEWS = YES;
				GENERATE_INFOPLIST_FILE = YES;
				INFOPLIST_FILE = Honed/Info.plist;
				INFOPLIST_KEY_UIApplicationSceneManifest_Generation = YES;
				INFOPLIST_KEY_UIApplicationSupportsIndirectInputEvents = YES;
				INFOPLIST_KEY_UILaunchScreen_Generation = YES;
				INFOPLIST_KEY_UISupportedInterfaceOrientations_iPad = "UIInterfaceOrientationPortrait UIInterfaceOrientationPortraitUpsideDown UIInterfaceOrientationLandscapeLeft UIInterfaceOrientationLandscapeRight";
				INFOPLIST_KEY_UISupportedInterfaceOrientations_iPhone = "UIInterfaceOrientationPortrait UIInterfaceOrientationLandscapeLeft UIInterfaceOrientationLandscapeRight";
				IPHONEOS_DEPLOYMENT_TARGET = 18.0;
				LD_RUNPATH_SEARCH_PATHS = (
					"$(inherited)",
					"@executable_path/Frameworks",
				);
				MARKETING_VERSION = 1.0;
				PRODUCT_BUNDLE_IDENTIFIER = com.adamsaleh.sesh;
				PRODUCT_NAME = "$(TARGET_NAME)";
				SWIFT_EMIT_LOC_STRINGS = YES;
				SWIFT_VERSION = 5.0;
				TARGETED_DEVICE_FAMILY = "1,2";
			};
			name = Release;
		};
/* End XCBuildConfiguration section */

/* Begin XCConfigurationList section */
		A1000000000000000042 /* Build configuration list for PBXNativeTarget "Honed" */ = {
			isa = XCConfigurationList;
			buildConfigurations = (
				A1000000000000000049 /* Debug configuration for PBXNativeTarget "Honed" */,
				A1000000000000000050 /* Release configuration for PBXNativeTarget "Honed" */,
			);
			defaultConfigurationName = Release;
		};
		A1000000000000000046 /* Build configuration list for PBXProject "Honed" */ = {
			isa = XCConfigurationList;
			buildConfigurations = (
				A1000000000000000047 /* Debug configuration for PBXProject "Honed" */,
				A1000000000000000048 /* Release configuration for PBXProject "Honed" */,
			);
			defaultConfigurationName = Release;
		};
/* End XCConfigurationList section */
	};
	rootObject = A1000000000000000045 /* Project object */;
}
